
Microsoft Visual Studio Solution File, Format Version 12.00
# Visual Studio Version 17
VisualStudioVersion = 17.14.36221.1 d17.14
MinimumVisualStudioVersion = 10.0.40219.1
Project("{FAE04EC0-301F-11D3-BF4B-00C04F79EFBC}") = "LearnHub.Api", "LearnHub.Api\LearnHub.Api.csproj", "{1579CBE0-A51F-4BF6-8EAE-B5DEE2DD968B}"
EndProject
Global
	GlobalSection(SolutionConfigurationPlatforms) = preSolution
		Debug|Any CPU = Debug|Any CPU
		Release|Any CPU = Release|Any CPU
	EndGlobalSection
	GlobalSection(ProjectConfigurationPlatforms) = postSolution
		{1579CBE0-A51F-4BF6-8EAE-B5DEE2DD968B}.Debug|Any CPU.ActiveCfg = Debug|Any CPU
		{1579CBE0-A51F-4BF6-8EAE-B5DEE2DD968B}.Debug|Any CPU.Build.0 = Debug|Any CPU
		{1579CBE0-A51F-4BF6-8EAE-B5DEE2DD968B}.Release|Any CPU.ActiveCfg = Release|Any CPU
		{1579CBE0-A51F-4BF6-8EAE-B5DEE2DD968B}.Release|Any CPU.Build.0 = Release|Any CPU
	EndGlobalSection
	GlobalSection(SolutionProperties) = preSolution
		HideSolutionNode = FALSE
	EndGlobalSection
	GlobalSection(ExtensibilityGlobals) = postSolution
		SolutionGuid = {C56C1BE0-99E1-4148-A1F9-F18B29151DC0}
	EndGlobalSection
EndGlobal
